
Microsoft Visual Studio Solution File, Format Version 12.00
# Visual Studio 15
VisualStudioVersion = 15.0.26730.16
MinimumVisualStudioVersion = 10.0.40219.1
Project("{FAE04EC0-301F-11D3-BF4B-00C04F79EFBC}") = "Client1", "Chat\Client1.csproj", "{3D910529-542A-4913-B4D9-16F1EFBAFC48}"
EndProject
Project("{FAE04EC0-301F-11D3-BF4B-00C04F79EFBC}") = "Client2", "Client2\Client2.csproj", "{60859C3D-DDFF-43BE-BD3F-6E7BE5E8D660}"
EndProject
Global
	GlobalSection(SolutionConfigurationPlatforms) = preSolution
		Debug|Any CPU = Debug|Any CPU
		Release|Any CPU = Release|Any CPU
	EndGlobalSection
	GlobalSection(ProjectConfigurationPlatforms) = postSolution
		{3D910529-542A-4913-B4D9-16F1EFBAFC48}.Debug|Any CPU.ActiveCfg = Debug|Any CPU
		{3D910529-542A-4913-B4D9-16F1EFBAFC48}.Debug|Any CPU.Build.0 = Debug|Any CPU
		{3D910529-542A-4913-B4D9-16F1EFBAFC48}.Release|Any CPU.ActiveCfg = Release|Any CPU
		{3D910529-542A-4913-B4D9-16F1EFBAFC48}.Release|Any CPU.Build.0 = Release|Any CPU
		{60859C3D-DDFF-43BE-BD3F-6E7BE5E8D660}.Debug|Any CPU.ActiveCfg = Debug|Any CPU
		{60859C3D-DDFF-43BE-BD3F-6E7BE5E8D660}.Debug|Any CPU.Build.0 = Debug|Any CPU
		{60859C3D-DDFF-43BE-BD3F-6E7BE5E8D660}.Release|Any CPU.ActiveCfg = Release|Any CPU
		{60859C3D-DDFF-43BE-BD3F-6E7BE5E8D660}.Release|Any CPU.Build.0 = Release|Any CPU
	EndGlobalSection
	GlobalSection(SolutionProperties) = preSolution
		HideSolutionNode = FALSE
	EndGlobalSection
	GlobalSection(ExtensibilityGlobals) = postSolution
		SolutionGuid = {F71E1C90-1A1D-4A80-AAF1-3B4380CFCDE2}
	EndGlobalSection
EndGlobal
