
Microsoft Visual Studio Solution File, Format Version 12.00
# Visual Studio 15
VisualStudioVersion = 15.0.26730.16
MinimumVisualStudioVersion = 10.0.40219.1
Project("{FAE04EC0-301F-11D3-BF4B-00C04F79EFBC}") = "PeopleIndex", "PeopleIndex\PeopleIndex.csproj", "{757C667E-4AB1-4344-85AC-A83D58A95C01}"
EndProject
Project("{FAE04EC0-301F-11D3-BF4B-00C04F79EFBC}") = "surnameUppercaser", "surnameUppercaser\surnameUppercaser.csproj", "{AD0B3904-E8EB-4226-849D-3CE98E085C07}"
EndProject
Global
	GlobalSection(SolutionConfigurationPlatforms) = preSolution
		Debug|Any CPU = Debug|Any CPU
		Release|Any CPU = Release|Any CPU
	EndGlobalSection
	GlobalSection(ProjectConfigurationPlatforms) = postSolution
		{757C667E-4AB1-4344-85AC-A83D58A95C01}.Debug|Any CPU.ActiveCfg = Debug|Any CPU
		{757C667E-4AB1-4344-85AC-A83D58A95C01}.Debug|Any CPU.Build.0 = Debug|Any CPU
		{757C667E-4AB1-4344-85AC-A83D58A95C01}.Release|Any CPU.ActiveCfg = Release|Any CPU
		{757C667E-4AB1-4344-85AC-A83D58A95C01}.Release|Any CPU.Build.0 = Release|Any CPU
		{AD0B3904-E8EB-4226-849D-3CE98E085C07}.Debug|Any CPU.ActiveCfg = Debug|Any CPU
		{AD0B3904-E8EB-4226-849D-3CE98E085C07}.Debug|Any CPU.Build.0 = Debug|Any CPU
		{AD0B3904-E8EB-4226-849D-3CE98E085C07}.Release|Any CPU.ActiveCfg = Release|Any CPU
		{AD0B3904-E8EB-4226-849D-3CE98E085C07}.Release|Any CPU.Build.0 = Release|Any CPU
	EndGlobalSection
	GlobalSection(SolutionProperties) = preSolution
		HideSolutionNode = FALSE
	EndGlobalSection
	GlobalSection(ExtensibilityGlobals) = postSolution
		SolutionGuid = {A471819E-43D5-4311-97DE-66FCB2DAB1E6}
	EndGlobalSection
EndGlobal
