
Microsoft Visual Studio Solution File, Format Version 12.00
# Visual Studio 15
VisualStudioVersion = 15.0.26730.16
MinimumVisualStudioVersion = 10.0.40219.1
Project("{FAE04EC0-301F-11D3-BF4B-00C04F79EFBC}") = "Client1", "Client1\Client1.csproj", "{BC7C988F-B440-4579-9A1E-FBD4F9D7E98F}"
EndProject
Global
	GlobalSection(SolutionConfigurationPlatforms) = preSolution
		Debug|Any CPU = Debug|Any CPU
		Release|Any CPU = Release|Any CPU
	EndGlobalSection
	GlobalSection(ProjectConfigurationPlatforms) = postSolution
		{BC7C988F-B440-4579-9A1E-FBD4F9D7E98F}.Debug|Any CPU.ActiveCfg = Debug|Any CPU
		{BC7C988F-B440-4579-9A1E-FBD4F9D7E98F}.Debug|Any CPU.Build.0 = Debug|Any CPU
		{BC7C988F-B440-4579-9A1E-FBD4F9D7E98F}.Release|Any CPU.ActiveCfg = Release|Any CPU
		{BC7C988F-B440-4579-9A1E-FBD4F9D7E98F}.Release|Any CPU.Build.0 = Release|Any CPU
	EndGlobalSection
	GlobalSection(SolutionProperties) = preSolution
		HideSolutionNode = FALSE
	EndGlobalSection
	GlobalSection(ExtensibilityGlobals) = postSolution
		SolutionGuid = {7EA2FC89-6C01-419E-9E4F-326E16056372}
	EndGlobalSection
EndGlobal
